{
  "object": {
    "pins": [
      {
        "package": "NWWebSocket",
        "repositoryURL": "https://github.com/pfandrade/NWWebSocket",
        "state": {
          "branch": "master",
          "revision": "45c363ba0b30a995607679f8e7a22c20c6d13910",
          "version": null
        }
      },
      {
        "package": "Reachability",
        "repositoryURL": "https://github.com/ashleymills/Reachability.swift.git",
        "state": {
          "branch": null,
          "revision": "98e968e7b6c1318fb61df23e347bc319761e8acb",
          "version": "5.0.0"
        }
      }
    ]
  },
  "version": 1
}
